
Microsoft Visual Studio Solution File, Format Version 12.00
# Visual Studio Version 17
VisualStudioVersion = 17.0.31808.319
MinimumVisualStudioVersion = 10.0.40219.1
Project("{FAE04EC0-301F-11D3-BF4B-00C04F79EFBC}") = "FileNaming_CodeSignal_Arcade", "FileNaming_CodeSignal_Arcade\FileNaming_CodeSignal_Arcade.csproj", "{D4C70D16-B924-43B7-88BF-F254F1A29198}"
EndProject
Global
	GlobalSection(SolutionConfigurationPlatforms) = preSolution
		Debug|Any CPU = Debug|Any CPU
		Release|Any CPU = Release|Any CPU
	EndGlobalSection
	GlobalSection(ProjectConfigurationPlatforms) = postSolution
		{D4C70D16-B924-43B7-88BF-F254F1A29198}.Debug|Any CPU.ActiveCfg = Debug|Any CPU
		{D4C70D16-B924-43B7-88BF-F254F1A29198}.Debug|Any CPU.Build.0 = Debug|Any CPU
		{D4C70D16-B924-43B7-88BF-F254F1A29198}.Release|Any CPU.ActiveCfg = Release|Any CPU
		{D4C70D16-B924-43B7-88BF-F254F1A29198}.Release|Any CPU.Build.0 = Release|Any CPU
	EndGlobalSection
	GlobalSection(SolutionProperties) = preSolution
		HideSolutionNode = FALSE
	EndGlobalSection
	GlobalSection(ExtensibilityGlobals) = postSolution
		SolutionGuid = {8A844893-22D4-47AA-8140-85F859FCF12F}
	EndGlobalSection
EndGlobal
